
Microsoft Visual Studio Solution File, Format Version 12.00
# Visual Studio Version 17
VisualStudioVersion = 17.13.35931.197 d17.13
MinimumVisualStudioVersion = 10.0.40219.1
Project("{FAE04EC0-301F-11D3-BF4B-00C04F79EFBC}") = "BackendPerfiles", "BackendPerfiles\BackendPerfiles.csproj", "{BDEC97F3-C257-4130-ACFC-D25A659CD0FE}"
EndProject
Project("{FAE04EC0-301F-11D3-BF4B-00C04F79EFBC}") = "FrontEndPerfiles", "FrontEndPerfiles\FrontEndPerfiles.csproj", "{AF4EA675-E608-4424-A79A-D5CC89E7A854}"
EndProject
Project("{2150E333-8FDC-42A3-9474-1A3956D46DE8}") = "Documentaciones", "Documentaciones", "{02EA681E-C7D8-13C7-8484-4AC65E1B71E8}"
	ProjectSection(SolutionItems) = preProject
		ArquitecturaYContexto.md = ArquitecturaYContexto.md
	EndProjectSection
EndProject
Project("{2150E333-8FDC-42A3-9474-1A3956D46DE8}") = "Elementos de la solución", "Elementos de la solución", "{D107F4C8-89CC-BEA8-D3D7-CA6B7733353D}"
	ProjectSection(SolutionItems) = preProject
		Readme.md = Readme.md
	EndProjectSection
EndProject
Global
	GlobalSection(SolutionConfigurationPlatforms) = preSolution
		Debug|Any CPU = Debug|Any CPU
		Release|Any CPU = Release|Any CPU
	EndGlobalSection
	GlobalSection(ProjectConfigurationPlatforms) = postSolution
		{BDEC97F3-C257-4130-ACFC-D25A659CD0FE}.Debug|Any CPU.ActiveCfg = Debug|Any CPU
		{BDEC97F3-C257-4130-ACFC-D25A659CD0FE}.Debug|Any CPU.Build.0 = Debug|Any CPU
		{BDEC97F3-C257-4130-ACFC-D25A659CD0FE}.Release|Any CPU.ActiveCfg = Release|Any CPU
		{BDEC97F3-C257-4130-ACFC-D25A659CD0FE}.Release|Any CPU.Build.0 = Release|Any CPU
		{AF4EA675-E608-4424-A79A-D5CC89E7A854}.Debug|Any CPU.ActiveCfg = Debug|Any CPU
		{AF4EA675-E608-4424-A79A-D5CC89E7A854}.Debug|Any CPU.Build.0 = Debug|Any CPU
		{AF4EA675-E608-4424-A79A-D5CC89E7A854}.Release|Any CPU.ActiveCfg = Release|Any CPU
		{AF4EA675-E608-4424-A79A-D5CC89E7A854}.Release|Any CPU.Build.0 = Release|Any CPU
	EndGlobalSection
	GlobalSection(SolutionProperties) = preSolution
		HideSolutionNode = FALSE
	EndGlobalSection
	GlobalSection(ExtensibilityGlobals) = postSolution
		SolutionGuid = {BEB30538-F640-42FD-8446-FB28A0E93969}
	EndGlobalSection
EndGlobal
